<?xml version="1.0" encoding="UTF-8" standalone="yes" ?>
<CodeBlocks_project_file>
	<FileVersion major="1" minor="6" />
	<Project>
		<Option title="EngineRenderer" />
		<Option pch_mode="2" />
		<Option compiler="gcc" />
		<Build>
			<Target title="Debug">
				<Option output="../__bin/Debug/EngineRenderer" prefix_auto="1" extension_auto="1" />
				<Option working_dir="../" />
				<Option object_output="../__obj/Debug/" />
				<Option type="1" />
				<Option compiler="gcc" />
				<Compiler>
					<Add option="-std=c++11" />
					<Add option="-g" />
	                <Add directory="Dependencies/glad/include" />
					<Add directory="Dependencies/glfw/include" />
				</Compiler>
				<Linker>
                    <Add library="gdi32" />
                </Linker>
			</Target>
			<Target title="Release">
				<Option output="../__bin/Release/EngineRenderer" prefix_auto="1" extension_auto="1" />
				<Option working_dir="../" />
				<Option object_output="../__obj/Release/" />
				<Option type="1" />
				<Option compiler="gcc" />
				<Compiler>
					<Add option="-std=c++11" />
					<Add option="-O2 -Wall" />
					<Add directory="Dependencies/glad/include" />
					<Add directory="Dependencies/glfw/include" />
				</Compiler>
				<Linker>
					<Add option="-s" />
				</Linker>
			</Target>
		</Build>
		<Compiler>
			<Add option="-Wall" />
			<Add option="-fexceptions" />
		</Compiler>
		<Linker>
			<!--LINUX
			<Add option="-lglfw3" />
			<Add option="-ldl" />
			<Add option="-lm" />
			<Add option="-lGL" />
			<Add option="-lGLU" />
			<Add option="-lX11" />
			<Add option="-pthread" />-->
			<!--WINDOWS -->
			<Add option="-lgdi32"/>
			<Add library="Dependencies/glfw-WIN_64/lib-mingw/glfw3.dll" />
			<Add library="Dependencies/glfw-WIN_64/lib-mingw/libglfw3.a" />
			<Add library="Dependencies/glfw-WIN_64/lib-mingw/libglfw3dll.a" />
		</Linker>
	            <Unit filename="Dependencies/glad/include/glad/glad.h"></Unit>
	            <Unit filename="Dependencies/glad/src/glad.c"></Unit>
	            <Unit filename="Dependencies/glad/include/KHR/khrplatform.h"></Unit>
                <Unit filename="Dependencies/glfw/include/GLFW/glfw3.h"></Unit>
                <Unit filename="Dependencies/glfw/include/GLFW/glfw3native.h"></Unit>
                <Unit filename="Dependencies/glfw/include/GLFW/glfw3native.h"></Unit>
                <Unit filename="src/IMGui/imconfig.h"/>
                <Unit filename="src/IMGui/imgui_demo.cpp"/>
                <Unit filename="src/IMGui/imgui_draw.cpp"/>
                <Unit filename="src/IMGui/imgui_impl_glfw.cpp"/>
                <Unit filename="src/IMGui/imgui_impl_glfw.h"/>
                <Unit filename="src/IMGui/imgui_impl_opengl3.cpp"/>
                <Unit filename="src/IMGui/imgui_impl_opengl3.h"/>
                <Unit filename="src/IMGui/imgui_internal.h"/>
                <Unit filename="src/IMGui/imgui_widgets.cpp"/>
                <Unit filename="src/IMGui/imgui.cpp"/>
                <Unit filename="src/IMGui/imgui.h"/>
                <Unit filename="src/IMGui/imstb_rectpack.h"/>
                <Unit filename="src/IMGui/imstb_textedit.h"/>
                <Unit filename="src/IMGui/imstb_truetype.h"/>
                <Unit filename="src/main.cpp"/>
                <Unit filename="src/Backend/GraphicsLibrary.cpp"/>
                <Unit filename="src/Backend/GraphicsLibrary.h"/>
                <Unit filename="src/Backend/Shader.cpp"/>
                <Unit filename="src/Backend/Shader.h"/>
                <Unit filename="src/FileManagers/FileLoader.cpp"/>
                <Unit filename="src/FileManagers/FileLoader.h"/>
                <Unit filename="src/Camera/Camera.h"/>
                <Unit filename="src/Camera/Camera.cpp"/>
                <Unit filename="src/Camera/CameraMovement.cpp"/>
                <Unit filename="src/Camera/CameraMovement.h"/>
                <Unit filename="src/Backend/Texture2D.cpp"/>
                <Unit filename="src/Backend/Texture2D.h"/>
                <Unit filename="src/FileManagers/Bitmap/Bitmap.h"/>
                <Unit filename="src/FileManagers/Bitmap/Bitmap.cpp"/>
                <Unit filename="src/Utilities.cpp"/>
                <Unit filename="src/Utilities.h"/>
                <Unit filename="src/Backend/ObjectGL.cpp"/>
                <Unit filename="src/Backend/ObjectGL.h"/>
                <Unit filename="src/Base/CanvasObject.cpp"/>
                <Unit filename="src/Base/CanvasObject.h"/>
                <Unit filename="src/Base/Interfaces/ITransformable.h"/>
                <Unit filename="src/Base3DObjects/Cylinder.cpp"/>
                <Unit filename="src/Base3DObjects/Cylinder.h"/>
                <Unit filename="src/Base/3D/Object3D.cpp"/>
                <Unit filename="src/Base/3D/Object3D.h"/>
                <Unit filename="src/Base/3D/Transform.cpp"/>
                <Unit filename="src/Base/3D/Transform.h"/>
                <Unit filename="src/Base3DObjects/OpenEndedCylinder.cpp"/>
                <Unit filename="src/Base3DObjects/OpenEndedCylinder.h"/>
                <Unit filename="src/FileManagers/ModelLoader.cpp"/>
                <Unit filename="src/FileManagers/ModelLoader.h"/>
                <Unit filename="src/Managers/GlobalManager.cpp"/>
                <Unit filename="src/Managers/GlobalManager.h"/>
                <Unit filename="src/Base/3D/ObjectFace.cpp"/>
                <Unit filename="src/Base/3D/ObjectFace.h"/>
                <Unit filename="src/Engine.cpp"/>
                <Unit filename="src/Engine.h"/>
		<Extensions>
			<code_completion />
			<debugger />
			<envvars />
		</Extensions>
	</Project>
</CodeBlocks_project_file>